// !$*UTF8*$!
{
	archiveVersion = 1;
	classes = {
	};
	objectVersion = 50;
	objects = {

/* Begin PBXBuildFile section */
		56EF1506F6833818B24B963E /* Pods_Trivia.framework in Frameworks */ = {isa = PBXBuildFile; fileRef = 979C9116C85024DBD56408A3 /* Pods_Trivia.framework */; };
		FB57602421B972A700432745 /* QuestionViewController.swift in Sources */ = {isa = PBXBuildFile; fileRef = FB57602321B972A700432745 /* QuestionViewController.swift */; };
		FB57602621B972BF00432745 /* ScoreViewController.swift in Sources */ = {isa = PBXBuildFile; fileRef = FB57602521B972BF00432745 /* ScoreViewController.swift */; };
		FB57602821B9734F00432745 /* QuestionData.swift in Sources */ = {isa = PBXBuildFile; fileRef = FB57602721B9734F00432745 /* QuestionData.swift */; };
		FB57602A21B9735A00432745 /* ScoreData.swift in Sources */ = {isa = PBXBuildFile; fileRef = FB57602921B9735A00432745 /* ScoreData.swift */; };
		FB57602C21B9859E00432745 /* QuizController.swift in Sources */ = {isa = PBXBuildFile; fileRef = FB57602B21B9859E00432745 /* QuizController.swift */; };
		FB946C4821B95E9500ABF23A /* AppDelegate.swift in Sources */ = {isa = PBXBuildFile; fileRef = FB946C4721B95E9500ABF23A /* AppDelegate.swift */; };
		FB946C4A21B95E9500ABF23A /* IntroductionViewController.swift in Sources */ = {isa = PBXBuildFile; fileRef = FB946C4921B95E9500ABF23A /* IntroductionViewController.swift */; };
		FB946C4D21B95E9500ABF23A /* Main.storyboard in Resources */ = {isa = PBXBuildFile; fileRef = FB946C4B21B95E9500ABF23A /* Main.storyboard */; };
		FB946C4F21B95E9700ABF23A /* Assets.xcassets in Resources */ = {isa = PBXBuildFile; fileRef = FB946C4E21B95E9700ABF23A /* Assets.xcassets */; };
		FB946C5221B95E9700ABF23A /* LaunchScreen.storyboard in Resources */ = {isa = PBXBuildFile; fileRef = FB946C5021B95E9700ABF23A /* LaunchScreen.storyboard */; };
/* End PBXBuildFile section */

/* Begin PBXFileReference section */
		2685EDD4C48B129427246E66 /* Pods-Trivia.release.xcconfig */ = {isa = PBXFileReference; includeInIndex = 1; lastKnownFileType = text.xcconfig; name = "Pods-Trivia.release.xcconfig"; path = "Pods/Target Support Files/Pods-Trivia/Pods-Trivia.release.xcconfig"; sourceTree = "<group>"; };
		2DF07A3558BEADE3A3C239DA /* Pods-Trivia.debug.xcconfig */ = {isa = PBXFileReference; includeInIndex = 1; lastKnownFileType = text.xcconfig; name = "Pods-Trivia.debug.xcconfig"; path = "Pods/Target Support Files/Pods-Trivia/Pods-Trivia.debug.xcconfig"; sourceTree = "<group>"; };
		979C9116C85024DBD56408A3 /* Pods_Trivia.framework */ = {isa = PBXFileReference; explicitFileType = wrapper.framework; includeInIndex = 0; path = Pods_Trivia.framework; sourceTree = BUILT_PRODUCTS_DIR; };
		FB57602321B972A700432745 /* QuestionViewController.swift */ = {isa = PBXFileReference; lastKnownFileType = sourcecode.swift; path = QuestionViewController.swift; sourceTree = "<group>"; };
		FB57602521B972BF00432745 /* ScoreViewController.swift */ = {isa = PBXFileReference; lastKnownFileType = sourcecode.swift; path = ScoreViewController.swift; sourceTree = "<group>"; };
		FB57602721B9734F00432745 /* QuestionData.swift */ = {isa = PBXFileReference; lastKnownFileType = sourcecode.swift; path = QuestionData.swift; sourceTree = "<group>"; };
		FB57602921B9735A00432745 /* ScoreData.swift */ = {isa = PBXFileReference; lastKnownFileType = sourcecode.swift; path = ScoreData.swift; sourceTree = "<group>"; };
		FB57602B21B9859E00432745 /* QuizController.swift */ = {isa = PBXFileReference; lastKnownFileType = sourcecode.swift; path = QuizController.swift; sourceTree = "<group>"; };
		FB946C4421B95E9500ABF23A /* Trivia.app */ = {isa = PBXFileReference; explicitFileType = wrapper.application; includeInIndex = 0; path = Trivia.app; sourceTree = BUILT_PRODUCTS_DIR; };
		FB946C4721B95E9500ABF23A /* AppDelegate.swift */ = {isa = PBXFileReference; lastKnownFileType = sourcecode.swift; path = AppDelegate.swift; sourceTree = "<group>"; };
		FB946C4921B95E9500ABF23A /* IntroductionViewController.swift */ = {isa = PBXFileReference; lastKnownFileType = sourcecode.swift; path = IntroductionViewController.swift; sourceTree = "<group>"; };
		FB946C4C21B95E9500ABF23A /* Base */ = {isa = PBXFileReference; lastKnownFileType = file.storyboard; name = Base; path = Base.lproj/Main.storyboard; sourceTree = "<group>"; };
		FB946C4E21B95E9700ABF23A /* Assets.xcassets */ = {isa = PBXFileReference; lastKnownFileType = folder.assetcatalog; path = Assets.xcassets; sourceTree = "<group>"; };
		FB946C5121B95E9700ABF23A /* Base */ = {isa = PBXFileReference; lastKnownFileType = file.storyboard; name = Base; path = Base.lproj/LaunchScreen.storyboard; sourceTree = "<group>"; };
		FB946C5321B95E9700ABF23A /* Info.plist */ = {isa = PBXFileReference; lastKnownFileType = text.plist.xml; path = Info.plist; sourceTree = "<group>"; };
/* End PBXFileReference section */

/* Begin PBXFrameworksBuildPhase section */
		FB946C4121B95E9500ABF23A /* Frameworks */ = {
			isa = PBXFrameworksBuildPhase;
			buildActionMask = 2147483647;
			files = (
				56EF1506F6833818B24B963E /* Pods_Trivia.framework in Frameworks */,
			);
			runOnlyForDeploymentPostprocessing = 0;
		};
/* End PBXFrameworksBuildPhase section */

/* Begin PBXGroup section */
		C725CEDB50A036BD3B5550C0 /* Pods */ = {
			isa = PBXGroup;
			children = (
				2DF07A3558BEADE3A3C239DA /* Pods-Trivia.debug.xcconfig */,
				2685EDD4C48B129427246E66 /* Pods-Trivia.release.xcconfig */,
			);
			name = Pods;
			sourceTree = "<group>";
		};
		E51848E6C13CAB6DC48BB2C1 /* Frameworks */ = {
			isa = PBXGroup;
			children = (
				979C9116C85024DBD56408A3 /* Pods_Trivia.framework */,
			);
			name = Frameworks;
			sourceTree = "<group>";
		};
		FB86F84B21C1249A00A7A9CE /* View Controllers */ = {
			isa = PBXGroup;
			children = (
				FB946C4921B95E9500ABF23A /* IntroductionViewController.swift */,
				FB57602321B972A700432745 /* QuestionViewController.swift */,
				FB57602521B972BF00432745 /* ScoreViewController.swift */,
			);
			path = "View Controllers";
			sourceTree = "<group>";
		};
		FB86F84C21C124B400A7A9CE /* Structs */ = {
			isa = PBXGroup;
			children = (
				FB57602721B9734F00432745 /* QuestionData.swift */,
				FB57602921B9735A00432745 /* ScoreData.swift */,
			);
			path = Structs;
			sourceTree = "<group>";
		};
		FB946C3B21B95E9500ABF23A = {
			isa = PBXGroup;
			children = (
				FB946C4621B95E9500ABF23A /* Trivia */,
				FB946C4521B95E9500ABF23A /* Products */,
				C725CEDB50A036BD3B5550C0 /* Pods */,
				E51848E6C13CAB6DC48BB2C1 /* Frameworks */,
			);
			sourceTree = "<group>";
		};
		FB946C4521B95E9500ABF23A /* Products */ = {
			isa = PBXGroup;
			children = (
				FB946C4421B95E9500ABF23A /* Trivia.app */,
			);
			name = Products;
			sourceTree = "<group>";
		};
		FB946C4621B95E9500ABF23A /* Trivia */ = {
			isa = PBXGroup;
			children = (
				FB946C4721B95E9500ABF23A /* AppDelegate.swift */,
				FB86F84B21C1249A00A7A9CE /* View Controllers */,
				FB946C4B21B95E9500ABF23A /* Main.storyboard */,
				FB86F84C21C124B400A7A9CE /* Structs */,
				FB57602B21B9859E00432745 /* QuizController.swift */,
				FB946C4E21B95E9700ABF23A /* Assets.xcassets */,
				FB946C5021B95E9700ABF23A /* LaunchScreen.storyboard */,
				FB946C5321B95E9700ABF23A /* Info.plist */,
			);
			path = Trivia;
			sourceTree = "<group>";
		};
/* End PBXGroup section */

/* Begin PBXNativeTarget section */
		FB946C4321B95E9500ABF23A /* Trivia */ = {
			isa = PBXNativeTarget;
			buildConfigurationList = FB946C5621B95E9700ABF23A /* Build configuration list for PBXNativeTarget "Trivia" */;
			buildPhases = (
				A6C1189C554F89039C1401F7 /* [CP] Check Pods Manifest.lock */,
				FB946C4021B95E9500ABF23A /* Sources */,
				FB946C4121B95E9500ABF23A /* Frameworks */,
				FB946C4221B95E9500ABF23A /* Resources */,
				AF71C96920798A5A12C315F0 /* [CP] Embed Pods Frameworks */,
			);
			buildRules = (
			);
			dependencies = (
			);
			name = Trivia;
			productName = Trivia;
			productReference = FB946C4421B95E9500ABF23A /* Trivia.app */;
			productType = "com.apple.product-type.application";
		};
/* End PBXNativeTarget section */

/* Begin PBXProject section */
		FB946C3C21B95E9500ABF23A /* Project object */ = {
			isa = PBXProject;
			attributes = {
				LastSwiftUpdateCheck = 1010;
				LastUpgradeCheck = 1010;
				ORGANIZATIONNAME = "Daryl Zandvliet";
				TargetAttributes = {
					FB946C4321B95E9500ABF23A = {
						CreatedOnToolsVersion = 10.1;
					};
				};
			};
			buildConfigurationList = FB946C3F21B95E9500ABF23A /* Build configuration list for PBXProject "Trivia" */;
			compatibilityVersion = "Xcode 9.3";
			developmentRegion = en;
			hasScannedForEncodings = 0;
			knownRegions = (
				en,
				Base,
			);
			mainGroup = FB946C3B21B95E9500ABF23A;
			productRefGroup = FB946C4521B95E9500ABF23A /* Products */;
			projectDirPath = "";
			projectRoot = "";
			targets = (
				FB946C4321B95E9500ABF23A /* Trivia */,
			);
		};
/* End PBXProject section */

/* Begin PBXResourcesBuildPhase section */
		FB946C4221B95E9500ABF23A /* Resources */ = {
			isa = PBXResourcesBuildPhase;
			buildActionMask = 2147483647;
			files = (
				FB946C5221B95E9700ABF23A /* LaunchScreen.storyboard in Resources */,
				FB946C4F21B95E9700ABF23A /* Assets.xcassets in Resources */,
				FB946C4D21B95E9500ABF23A /* Main.storyboard in Resources */,
			);
			runOnlyForDeploymentPostprocessing = 0;
		};
/* End PBXResourcesBuildPhase section */

/* Begin PBXShellScriptBuildPhase section */
		A6C1189C554F89039C1401F7 /* [CP] Check Pods Manifest.lock */ = {
			isa = PBXShellScriptBuildPhase;
			buildActionMask = 2147483647;
			files = (
			);
			inputFileListPaths = (
			);
			inputPaths = (
				"${PODS_PODFILE_DIR_PATH}/Podfile.lock",
				"${PODS_ROOT}/Manifest.lock",
			);
			name = "[CP] Check Pods Manifest.lock";
			outputFileListPaths = (
			);
			outputPaths = (
				"$(DERIVED_FILE_DIR)/Pods-Trivia-checkManifestLockResult.txt",
			);
			runOnlyForDeploymentPostprocessing = 0;
			shellPath = /bin/sh;
			shellScript = "diff \"${PODS_PODFILE_DIR_PATH}/Podfile.lock\" \"${PODS_ROOT}/Manifest.lock\" > /dev/null\nif [ $? != 0 ] ; then\n    # print error to STDERR\n    echo \"error: The sandbox is not in sync with the Podfile.lock. Run 'pod install' or update your CocoaPods installation.\" >&2\n    exit 1\nfi\n# This output is used by Xcode 'outputs' to avoid re-running this script phase.\necho \"SUCCESS\" > \"${SCRIPT_OUTPUT_FILE_0}\"\n";
			showEnvVarsInLog = 0;
		};
		AF71C96920798A5A12C315F0 /* [CP] Embed Pods Frameworks */ = {
			isa = PBXShellScriptBuildPhase;
			buildActionMask = 2147483647;
			files = (
			);
			inputFileListPaths = (
			);
			inputPaths = (
				"${SRCROOT}/Pods/Target Support Files/Pods-Trivia/Pods-Trivia-frameworks.sh",
				"${BUILT_PRODUCTS_DIR}/HTMLString/HTMLString.framework",
			);
			name = "[CP] Embed Pods Frameworks";
			outputFileListPaths = (
			);
			outputPaths = (
				"${TARGET_BUILD_DIR}/${FRAMEWORKS_FOLDER_PATH}/HTMLString.framework",
			);
			runOnlyForDeploymentPostprocessing = 0;
			shellPath = /bin/sh;
			shellScript = "\"${SRCROOT}/Pods/Target Support Files/Pods-Trivia/Pods-Trivia-frameworks.sh\"\n";
			showEnvVarsInLog = 0;
		};
/* End PBXShellScriptBuildPhase section */

/* Begin PBXSourcesBuildPhase section */
		FB946C4021B95E9500ABF23A /* Sources */ = {
			isa = PBXSourcesBuildPhase;
			buildActionMask = 2147483647;
			files = (
				FB57602C21B9859E00432745 /* QuizController.swift in Sources */,
				FB946C4A21B95E9500ABF23A /* IntroductionViewController.swift in Sources */,
				FB946C4821B95E9500ABF23A /* AppDelegate.swift in Sources */,
				FB57602821B9734F00432745 /* QuestionData.swift in Sources */,
				FB57602421B972A700432745 /* QuestionViewController.swift in Sources */,
				FB57602A21B9735A00432745 /* ScoreData.swift in Sources */,
				FB57602621B972BF00432745 /* ScoreViewController.swift in Sources */,
			);
			runOnlyForDeploymentPostprocessing = 0;
		};
/* End PBXSourcesBuildPhase section */

/* Begin PBXVariantGroup section */
		FB946C4B21B95E9500ABF23A /* Main.storyboard */ = {
			isa = PBXVariantGroup;
			children = (
				FB946C4C21B95E9500ABF23A /* Base */,
			);
			name = Main.storyboard;
			sourceTree = "<group>";
		};
		FB946C5021B95E9700ABF23A /* LaunchScreen.storyboard */ = {
			isa = PBXVariantGroup;
			children = (
				FB946C5121B95E9700ABF23A /* Base */,
			);
			name = LaunchScreen.storyboard;
			sourceTree = "<group>";
		};
/* End PBXVariantGroup section */

/* Begin XCBuildConfiguration section */
		FB946C5421B95E9700ABF23A /* Debug */ = {
			isa = XCBuildConfiguration;
			buildSettings = {
				ALWAYS_SEARCH_USER_PATHS = NO;
				CLANG_ANALYZER_NONNULL = YES;
				CLANG_ANALYZER_NUMBER_OBJECT_CONVERSION = YES_AGGRESSIVE;
				CLANG_CXX_LANGUAGE_STANDARD = "gnu++14";
				CLANG_CXX_LIBRARY = "libc++";
				CLANG_ENABLE_MODULES = YES;
				CLANG_ENABLE_OBJC_ARC = YES;
				CLANG_ENABLE_OBJC_WEAK = YES;
				CLANG_WARN_BLOCK_CAPTURE_AUTORELEASING = YES;
				CLANG_WARN_BOOL_CONVERSION = YES;
				CLANG_WARN_COMMA = YES;
				CLANG_WARN_CONSTANT_CONVERSION = YES;
				CLANG_WARN_DEPRECATED_OBJC_IMPLEMENTATIONS = YES;
				CLANG_WARN_DIRECT_OBJC_ISA_USAGE = YES_ERROR;
				CLANG_WARN_DOCUMENTATION_COMMENTS = YES;
				CLANG_WARN_EMPTY_BODY = YES;
				CLANG_WARN_ENUM_CONVERSION = YES;
				CLANG_WARN_INFINITE_RECURSION = YES;
				CLANG_WARN_INT_CONVERSION = YES;
				CLANG_WARN_NON_LITERAL_NULL_CONVERSION = YES;
				CLANG_WARN_OBJC_IMPLICIT_RETAIN_SELF = YES;
				CLANG_WARN_OBJC_LITERAL_CONVERSION = YES;
				CLANG_WARN_OBJC_ROOT_CLASS = YES_ERROR;
				CLANG_WARN_RANGE_LOOP_ANALYSIS = YES;
				CLANG_WARN_STRICT_PROTOTYPES = YES;
				CLANG_WARN_SUSPICIOUS_MOVE = YES;
				CLANG_WARN_UNGUARDED_AVAILABILITY = YES_AGGRESSIVE;
				CLANG_WARN_UNREACHABLE_CODE = YES;
				CLANG_WARN__DUPLICATE_METHOD_MATCH = YES;
				CODE_SIGN_IDENTITY = "iPhone Developer";
				COPY_PHASE_STRIP = NO;
				DEBUG_INFORMATION_FORMAT = dwarf;
				ENABLE_STRICT_OBJC_MSGSEND = YES;
				ENABLE_TESTABILITY = YES;
				GCC_C_LANGUAGE_STANDARD = gnu11;
				GCC_DYNAMIC_NO_PIC = NO;
				GCC_NO_COMMON_BLOCKS = YES;
				GCC_OPTIMIZATION_LEVEL = 0;
				GCC_PREPROCESSOR_DEFINITIONS = (
					"DEBUG=1",
					"$(inherited)",
				);
				GCC_WARN_64_TO_32_BIT_CONVERSION = YES;
				GCC_WARN_ABOUT_RETURN_TYPE = YES_ERROR;
				GCC_WARN_UNDECLARED_SELECTOR = YES;
				GCC_WARN_UNINITIALIZED_AUTOS = YES_AGGRESSIVE;
				GCC_WARN_UNUSED_FUNCTION = YES;
				GCC_WARN_UNUSED_VARIABLE = YES;
				IPHONEOS_DEPLOYMENT_TARGET = 12.1;
				MTL_ENABLE_DEBUG_INFO = INCLUDE_SOURCE;
				MTL_FAST_MATH = YES;
				ONLY_ACTIVE_ARCH = YES;
				SDKROOT = iphoneos;
				SWIFT_ACTIVE_COMPILATION_CONDITIONS = DEBUG;
				SWIFT_OPTIMIZATION_LEVEL = "-Onone";
			};
			name = Debug;
		};
		FB946C5521B95E9700ABF23A /* Release */ = {
			isa = XCBuildConfiguration;
			buildSettings = {
				ALWAYS_SEARCH_USER_PATHS = NO;
				CLANG_ANALYZER_NONNULL = YES;
				CLANG_ANALYZER_NUMBER_OBJECT_CONVERSION = YES_AGGRESSIVE;
				CLANG_CXX_LANGUAGE_STANDARD = "gnu++14";
				CLANG_CXX_LIBRARY = "libc++";
				CLANG_ENABLE_MODULES = YES;
				CLANG_ENABLE_OBJC_ARC = YES;
				CLANG_ENABLE_OBJC_WEAK = YES;
				CLANG_WARN_BLOCK_CAPTURE_AUTORELEASING = YES;
				CLANG_WARN_BOOL_CONVERSION = YES;
				CLANG_WARN_COMMA = YES;
				CLANG_WARN_CONSTANT_CONVERSION = YES;
				CLANG_WARN_DEPRECATED_OBJC_IMPLEMENTATIONS = YES;
				CLANG_WARN_DIRECT_OBJC_ISA_USAGE = YES_ERROR;
				CLANG_WARN_DOCUMENTATION_COMMENTS = YES;
				CLANG_WARN_EMPTY_BODY = YES;
				CLANG_WARN_ENUM_CONVERSION = YES;
				CLANG_WARN_INFINITE_RECURSION = YES;
				CLANG_WARN_INT_CONVERSION = YES;
				CLANG_WARN_NON_LITERAL_NULL_CONVERSION = YES;
				CLANG_WARN_OBJC_IMPLICIT_RETAIN_SELF = YES;
				CLANG_WARN_OBJC_LITERAL_CONVERSION = YES;
				CLANG_WARN_OBJC_ROOT_CLASS = YES_ERROR;
				CLANG_WARN_RANGE_LOOP_ANALYSIS = YES;
				CLANG_WARN_STRICT_PROTOTYPES = YES;
				CLANG_WARN_SUSPICIOUS_MOVE = YES;
				CLANG_WARN_UNGUARDED_AVAILABILITY = YES_AGGRESSIVE;
				CLANG_WARN_UNREACHABLE_CODE = YES;
				CLANG_WARN__DUPLICATE_METHOD_MATCH = YES;
				CODE_SIGN_IDENTITY = "iPhone Developer";
				COPY_PHASE_STRIP = NO;
				DEBUG_INFORMATION_FORMAT = "dwarf-with-dsym";
				ENABLE_NS_ASSERTIONS = NO;
				ENABLE_STRICT_OBJC_MSGSEND = YES;
				GCC_C_LANGUAGE_STANDARD = gnu11;
				GCC_NO_COMMON_BLOCKS = YES;
				GCC_WARN_64_TO_32_BIT_CONVERSION = YES;
				GCC_WARN_ABOUT_RETURN_TYPE = YES_ERROR;
				GCC_WARN_UNDECLARED_SELECTOR = YES;
				GCC_WARN_UNINITIALIZED_AUTOS = YES_AGGRESSIVE;
				GCC_WARN_UNUSED_FUNCTION = YES;
				GCC_WARN_UNUSED_VARIABLE = YES;
				IPHONEOS_DEPLOYMENT_TARGET = 12.1;
				MTL_ENABLE_DEBUG_INFO = NO;
				MTL_FAST_MATH = YES;
				SDKROOT = iphoneos;
				SWIFT_COMPILATION_MODE = wholemodule;
				SWIFT_OPTIMIZATION_LEVEL = "-O";
				VALIDATE_PRODUCT = YES;
			};
			name = Release;
		};
		FB946C5721B95E9700ABF23A /* Debug */ = {
			isa = XCBuildConfiguration;
			baseConfigurationReference = 2DF07A3558BEADE3A3C239DA /* Pods-Trivia.debug.xcconfig */;
			buildSettings = {
				ASSETCATALOG_COMPILER_APPICON_NAME = AppIcon;
				CODE_SIGN_STYLE = Automatic;
				DEVELOPMENT_TEAM = 4NPM28JH8B;
				INFOPLIST_FILE = Trivia/Info.plist;
				LD_RUNPATH_SEARCH_PATHS = (
					"$(inherited)",
					"@executable_path/Frameworks",
				);
				PRODUCT_BUNDLE_IDENTIFIER = com.darylzandvliet.Trivia;
				PRODUCT_NAME = "$(TARGET_NAME)";
				SWIFT_VERSION = 4.2;
				TARGETED_DEVICE_FAMILY = "1,2";
			};
			name = Debug;
		};
		FB946C5821B95E9700ABF23A /* Release */ = {
			isa = XCBuildConfiguration;
			baseConfigurationReference = 2685EDD4C48B129427246E66 /* Pods-Trivia.release.xcconfig */;
			buildSettings = {
				ASSETCATALOG_COMPILER_APPICON_NAME = AppIcon;
				CODE_SIGN_STYLE = Automatic;
				DEVELOPMENT_TEAM = 4NPM28JH8B;
				INFOPLIST_FILE = Trivia/Info.plist;
				LD_RUNPATH_SEARCH_PATHS = (
					"$(inherited)",
					"@executable_path/Frameworks",
				);
				PRODUCT_BUNDLE_IDENTIFIER = com.darylzandvliet.Trivia;
				PRODUCT_NAME = "$(TARGET_NAME)";
				SWIFT_VERSION = 4.2;
				TARGETED_DEVICE_FAMILY = "1,2";
			};
			name = Release;
		};
/* End XCBuildConfiguration section */

/* Begin XCConfigurationList section */
		FB946C3F21B95E9500ABF23A /* Build configuration list for PBXProject "Trivia" */ = {
			isa = XCConfigurationList;
			buildConfigurations = (
				FB946C5421B95E9700ABF23A /* Debug */,
				FB946C5521B95E9700ABF23A /* Release */,
			);
			defaultConfigurationIsVisible = 0;
			defaultConfigurationName = Release;
		};
		FB946C5621B95E9700ABF23A /* Build configuration list for PBXNativeTarget "Trivia" */ = {
			isa = XCConfigurationList;
			buildConfigurations = (
				FB946C5721B95E9700ABF23A /* Debug */,
				FB946C5821B95E9700ABF23A /* Release */,
			);
			defaultConfigurationIsVisible = 0;
			defaultConfigurationName = Release;
		};
/* End XCConfigurationList section */
	};
	rootObject = FB946C3C21B95E9500ABF23A /* Project object */;
}
